
Microsoft Visual Studio Solution File, Format Version 12.00
# Visual Studio 2013
VisualStudioVersion = 12.0.40629.0
MinimumVisualStudioVersion = 10.0.40219.1
Project("{FAE04EC0-301F-11D3-BF4B-00C04F79EFBC}") = "Javito.MiningCodingDojo.WebApp", "Javito.MiningCodingDojo.WebApp\Javito.MiningCodingDojo.WebApp.csproj", "{E14578FF-A017-43F1-8794-5A61AFB3205F}"
EndProject
Project("{2150E333-8FDC-42A3-9474-1A3956D46DE8}") = "Solution Items", "Solution Items", "{83C4C75F-1818-446F-950B-2A2C11B42C9F}"
	ProjectSection(SolutionItems) = preProject
		..\.gitattributes = ..\.gitattributes
		..\.gitignore = ..\.gitignore
		..\README.md = ..\README.md
	EndProjectSection
EndProject
Project("{2150E333-8FDC-42A3-9474-1A3956D46DE8}") = "1. Distributed Services", "1. Distributed Services", "{D7D99DF2-FF8C-4FC0-8591-27E49EA348E4}"
EndProject
Project("{2150E333-8FDC-42A3-9474-1A3956D46DE8}") = "2. Application", "2. Application", "{BD0B68A4-443B-4C7E-BEB7-CFE1264B8429}"
EndProject
Project("{2150E333-8FDC-42A3-9474-1A3956D46DE8}") = "3. Domain", "3. Domain", "{CEF51E66-B55F-4EB9-8858-5C78ABD548CF}"
EndProject
Project("{2150E333-8FDC-42A3-9474-1A3956D46DE8}") = "4. Infrastructure", "4. Infrastructure", "{583A0F48-CCBB-4B58-BD65-E752ADFEAEBD}"
EndProject
Global
	GlobalSection(SolutionConfigurationPlatforms) = preSolution
		Debug|Any CPU = Debug|Any CPU
		Release|Any CPU = Release|Any CPU
	EndGlobalSection
	GlobalSection(ProjectConfigurationPlatforms) = postSolution
		{E14578FF-A017-43F1-8794-5A61AFB3205F}.Debug|Any CPU.ActiveCfg = Debug|Any CPU
		{E14578FF-A017-43F1-8794-5A61AFB3205F}.Debug|Any CPU.Build.0 = Debug|Any CPU
		{E14578FF-A017-43F1-8794-5A61AFB3205F}.Release|Any CPU.ActiveCfg = Release|Any CPU
		{E14578FF-A017-43F1-8794-5A61AFB3205F}.Release|Any CPU.Build.0 = Release|Any CPU
	EndGlobalSection
	GlobalSection(SolutionProperties) = preSolution
		HideSolutionNode = FALSE
	EndGlobalSection
	GlobalSection(NestedProjects) = preSolution
		{E14578FF-A017-43F1-8794-5A61AFB3205F} = {D7D99DF2-FF8C-4FC0-8591-27E49EA348E4}
	EndGlobalSection
EndGlobal
