
Microsoft Visual Studio Solution File, Format Version 12.00
# Visual Studio 2013
VisualStudioVersion = 12.0.40629.0
MinimumVisualStudioVersion = 10.0.40219.1
Project("{FAE04EC0-301F-11D3-BF4B-00C04F79EFBC}") = "Javito.MiningCodingDojo.WebApp", "Javito.MiningCodingDojo.WebApp\Javito.MiningCodingDojo.WebApp.csproj", "{E14578FF-A017-43F1-8794-5A61AFB3205F}"
EndProject
Project("{2150E333-8FDC-42A3-9474-1A3956D46DE8}") = "Solution Items", "Solution Items", "{83C4C75F-1818-446F-950B-2A2C11B42C9F}"
	ProjectSection(SolutionItems) = preProject
		..\.gitattributes = ..\.gitattributes
		..\.gitignore = ..\.gitignore
		..\README.md = ..\README.md
	EndProjectSection
EndProject
Project("{2150E333-8FDC-42A3-9474-1A3956D46DE8}") = "1. Distributed Services", "1. Distributed Services", "{D7D99DF2-FF8C-4FC0-8591-27E49EA348E4}"
EndProject
Project("{2150E333-8FDC-42A3-9474-1A3956D46DE8}") = "2. Application", "2. Application", "{BD0B68A4-443B-4C7E-BEB7-CFE1264B8429}"
EndProject
Project("{2150E333-8FDC-42A3-9474-1A3956D46DE8}") = "3. Domain", "3. Domain", "{CEF51E66-B55F-4EB9-8858-5C78ABD548CF}"
EndProject
Project("{2150E333-8FDC-42A3-9474-1A3956D46DE8}") = "4. Infrastructure", "4. Infrastructure", "{583A0F48-CCBB-4B58-BD65-E752ADFEAEBD}"
EndProject
Project("{FAE04EC0-301F-11D3-BF4B-00C04F79EFBC}") = "Javito.MiningCodingDojo.DataAccess.Memory", "Javito.MiningCodingDojo.DataAccess.Memory\Javito.MiningCodingDojo.DataAccess.Memory.csproj", "{EB49E652-53E7-4695-8128-6EA7C7684DF1}"
EndProject
Project("{FAE04EC0-301F-11D3-BF4B-00C04F79EFBC}") = "Javito.MiningCodingDojo.ServiceLibrary", "Javito.MiningCodingDojo.ServiceLibrary\Javito.MiningCodingDojo.ServiceLibrary.csproj", "{26FAA4C6-9235-4F8E-93C8-2E7C780C6BDC}"
EndProject
Project("{FAE04EC0-301F-11D3-BF4B-00C04F79EFBC}") = "Javito.MiningCodingDojo.Domain", "Javito.MiningCodingDojo.Domain\Javito.MiningCodingDojo.Domain.csproj", "{68ADF126-6B9D-419A-A381-955062BCEB61}"
EndProject
Project("{2150E333-8FDC-42A3-9474-1A3956D46DE8}") = "Tests", "Tests", "{DC42E3A1-2E9E-435D-A85F-DB7810706E74}"
EndProject
Project("{FAE04EC0-301F-11D3-BF4B-00C04F79EFBC}") = "Javito.MiningCodingDojo.UnitTest", "Javito.MiningCodingDojo.UnitTest\Javito.MiningCodingDojo.UnitTest.csproj", "{C6599151-961C-4576-A756-58D1D925118A}"
EndProject
Project("{2150E333-8FDC-42A3-9474-1A3956D46DE8}") = "Client", "Client", "{C1073FB7-89E2-4B98-948A-47CF2611C439}"
EndProject
Project("{FAE04EC0-301F-11D3-BF4B-00C04F79EFBC}") = "Javito.MiningCodingDojo.ResilientClient.Javi", "Javito.MiningCodingDojo.ResilientClient\Javito.MiningCodingDojo.ResilientClient.Javi.csproj", "{7544EF30-C6E7-4727-ADEC-23080ED31970}"
EndProject
Project("{FAE04EC0-301F-11D3-BF4B-00C04F79EFBC}") = "Javito.MiningCodingDojo.ResilientClient.Alain", "Javito.MiningCodingDojo.ResilientClient.Alain\Javito.MiningCodingDojo.ResilientClient.Alain.csproj", "{9BF76852-B907-4666-AF1B-882BDE2F70FD}"
EndProject
Global
	GlobalSection(SolutionConfigurationPlatforms) = preSolution
		Debug|Any CPU = Debug|Any CPU
		Release|Any CPU = Release|Any CPU
	EndGlobalSection
	GlobalSection(ProjectConfigurationPlatforms) = postSolution
		{E14578FF-A017-43F1-8794-5A61AFB3205F}.Debug|Any CPU.ActiveCfg = Debug|Any CPU
		{E14578FF-A017-43F1-8794-5A61AFB3205F}.Debug|Any CPU.Build.0 = Debug|Any CPU
		{E14578FF-A017-43F1-8794-5A61AFB3205F}.Release|Any CPU.ActiveCfg = Release|Any CPU
		{E14578FF-A017-43F1-8794-5A61AFB3205F}.Release|Any CPU.Build.0 = Release|Any CPU
		{EB49E652-53E7-4695-8128-6EA7C7684DF1}.Debug|Any CPU.ActiveCfg = Debug|Any CPU
		{EB49E652-53E7-4695-8128-6EA7C7684DF1}.Debug|Any CPU.Build.0 = Debug|Any CPU
		{EB49E652-53E7-4695-8128-6EA7C7684DF1}.Release|Any CPU.ActiveCfg = Release|Any CPU
		{EB49E652-53E7-4695-8128-6EA7C7684DF1}.Release|Any CPU.Build.0 = Release|Any CPU
		{26FAA4C6-9235-4F8E-93C8-2E7C780C6BDC}.Debug|Any CPU.ActiveCfg = Debug|Any CPU
		{26FAA4C6-9235-4F8E-93C8-2E7C780C6BDC}.Debug|Any CPU.Build.0 = Debug|Any CPU
		{26FAA4C6-9235-4F8E-93C8-2E7C780C6BDC}.Release|Any CPU.ActiveCfg = Release|Any CPU
		{26FAA4C6-9235-4F8E-93C8-2E7C780C6BDC}.Release|Any CPU.Build.0 = Release|Any CPU
		{68ADF126-6B9D-419A-A381-955062BCEB61}.Debug|Any CPU.ActiveCfg = Debug|Any CPU
		{68ADF126-6B9D-419A-A381-955062BCEB61}.Debug|Any CPU.Build.0 = Debug|Any CPU
		{68ADF126-6B9D-419A-A381-955062BCEB61}.Release|Any CPU.ActiveCfg = Release|Any CPU
		{68ADF126-6B9D-419A-A381-955062BCEB61}.Release|Any CPU.Build.0 = Release|Any CPU
		{C6599151-961C-4576-A756-58D1D925118A}.Debug|Any CPU.ActiveCfg = Debug|Any CPU
		{C6599151-961C-4576-A756-58D1D925118A}.Debug|Any CPU.Build.0 = Debug|Any CPU
		{C6599151-961C-4576-A756-58D1D925118A}.Release|Any CPU.ActiveCfg = Release|Any CPU
		{C6599151-961C-4576-A756-58D1D925118A}.Release|Any CPU.Build.0 = Release|Any CPU
		{7544EF30-C6E7-4727-ADEC-23080ED31970}.Debug|Any CPU.ActiveCfg = Debug|Any CPU
		{7544EF30-C6E7-4727-ADEC-23080ED31970}.Debug|Any CPU.Build.0 = Debug|Any CPU
		{7544EF30-C6E7-4727-ADEC-23080ED31970}.Release|Any CPU.ActiveCfg = Release|Any CPU
		{7544EF30-C6E7-4727-ADEC-23080ED31970}.Release|Any CPU.Build.0 = Release|Any CPU
		{9BF76852-B907-4666-AF1B-882BDE2F70FD}.Debug|Any CPU.ActiveCfg = Debug|Any CPU
		{9BF76852-B907-4666-AF1B-882BDE2F70FD}.Debug|Any CPU.Build.0 = Debug|Any CPU
		{9BF76852-B907-4666-AF1B-882BDE2F70FD}.Release|Any CPU.ActiveCfg = Release|Any CPU
		{9BF76852-B907-4666-AF1B-882BDE2F70FD}.Release|Any CPU.Build.0 = Release|Any CPU
	EndGlobalSection
	GlobalSection(SolutionProperties) = preSolution
		HideSolutionNode = FALSE
	EndGlobalSection
	GlobalSection(NestedProjects) = preSolution
		{E14578FF-A017-43F1-8794-5A61AFB3205F} = {D7D99DF2-FF8C-4FC0-8591-27E49EA348E4}
		{EB49E652-53E7-4695-8128-6EA7C7684DF1} = {583A0F48-CCBB-4B58-BD65-E752ADFEAEBD}
		{26FAA4C6-9235-4F8E-93C8-2E7C780C6BDC} = {BD0B68A4-443B-4C7E-BEB7-CFE1264B8429}
		{68ADF126-6B9D-419A-A381-955062BCEB61} = {CEF51E66-B55F-4EB9-8858-5C78ABD548CF}
		{C6599151-961C-4576-A756-58D1D925118A} = {DC42E3A1-2E9E-435D-A85F-DB7810706E74}
		{7544EF30-C6E7-4727-ADEC-23080ED31970} = {C1073FB7-89E2-4B98-948A-47CF2611C439}
		{9BF76852-B907-4666-AF1B-882BDE2F70FD} = {C1073FB7-89E2-4B98-948A-47CF2611C439}
	EndGlobalSection
EndGlobal
